# This file was autogenerated by Stack.
# You should not edit this file by hand.
# For more information, please see the documentation at:
#   https://docs.haskellstack.org/en/stable/topics/lock_files

packages:
- completed:
    hackage: gi-gtk-4.0.8@sha256:6011c2d7880c6f9b1a319a593db6b76e5175b3f020fc4b3ca86707ee70c3a1d8,35759
    pantry-tree:
      sha256: 2e1475e9718be9122db3922d377a90a9c372b7c0825a0663f40a35bd4ed971be
      size: 357
  original:
    hackage: gi-gtk-4.0.8
- completed:
    hackage: gi-gdk-4.0.7@sha256:e1915be39e2eebaf445584986dea7b750aef57c00894d1a218a54811da27b381,9025
    pantry-tree:
      sha256: 0addc7dcbf6fa7d7414b7188eb5f2a6d7258dbbf6672b81d735c7118e1044248
      size: 355
  original:
    hackage: gi-gdk-4.0.7
- completed:
    hackage: gi-gdkpixbuf-2.0.31@sha256:716e91583a58ff2a787a22cbb758fbc2b45ec2353a2ca3c0fc78d845e2b6fd31,4364
    pantry-tree:
      sha256: dbe7a5aa7305af620175bca79eb1fee35fa5e816306db4359f2fec8b4e754753
      size: 368
  original:
    hackage: gi-gdkpixbuf-2.0.31
- completed:
    hackage: gi-cairo-render-0.1.2@sha256:1e3d78ba659200ad22e4cb014c7d972347f0343316e68dbcc9c431d4ae2e0a1c,3525
    pantry-tree:
      sha256: 569a49c8119e4d41224e351beb13176957bbfc8ce3e291cd27105e84957f0ccb
      size: 1655
  original:
    hackage: gi-cairo-render-0.1.2
- completed:
    hackage: gi-gio-2.0.34@sha256:4bc14804f5794743f8c997382d4c4ce66a074f41a215c3f01a9ca6519a239850,22663
    pantry-tree:
      sha256: b5ec3dc8595ab3aca9bc6f93a5c82ec6bbe548036bc521a87193ae721cd6c466
      size: 359
  original:
    hackage: gi-gio-2.0.34
- completed:
    hackage: gi-glib-2.0.29@sha256:5857f4b4bbd589e494c17b185e9510f4079a7878d4fe7fbbac0437a4396ab952,10040
    pantry-tree:
      sha256: f734405645a824e6b2452b17b099cbd79dfbe92c4a23ab38af696e3ac38967b9
      size: 360
  original:
    hackage: gi-glib-2.0.29
- completed:
    hackage: gi-gobject-2.0.31@sha256:899a331689f1238fdce3829f1148e51bfd13a39ba5cab70710a6bab59e663d90,9561
    pantry-tree:
      sha256: da1356d4b61040347499bf41253cc1aba954e09cca40fa4d4777f068751b62da
      size: 365
  original:
    hackage: gi-gobject-2.0.31
- completed:
    hackage: gi-cairo-1.0.29@sha256:7a7aafc74c5d86203cf74640ed4739cb75b739d1a6477a3e0287e413da2eb657,3715
    pantry-tree:
      sha256: fb9e18eeebd7cfaa4b132f5906f3ecc4b3fa37ad58c1a315ab43f371739be038
      size: 358
  original:
    hackage: gi-cairo-1.0.29
- completed:
    hackage: haskell-gi-0.26.17@sha256:0d502b6e74c4e40849a015280bce01df10d9dd313f1163c6bae92433c3f26b11,5213
    pantry-tree:
      sha256: 3afd1d178e0e9bcff6a013e7cb5857b513697954db3ebd6db9cc877c238b5246
      size: 4202
  original:
    hackage: haskell-gi-0.26.17
- completed:
    hackage: haskell-gi-base-0.26.9@sha256:dad5294c37cc21c93c1db411183442d8a001d2687b6b3a34a45474fc72971372,2634
    pantry-tree:
      sha256: 1de49264694c81c7f09670a7fda74d31f7f92c78e25a6f314d704d212c0878e6
      size: 2085
  original:
    hackage: haskell-gi-base-0.26.9
- completed:
    hackage: haskell-gi-overloading-1.0@sha256:a59a812f4490b317fe2850c5442004f230130204af6cb4e0a6604acebb9f2f63,631
    pantry-tree:
      sha256: 5b56359796af8ec1bed5b2df43756374915055853f60f01ec8f7d0c403773112
      size: 265
  original:
    hackage: haskell-gi-overloading-1.0
- completed:
    hackage: reactive-banana-gi-gtk-0.4.1.0@sha256:48dbe5fd2c5a4c6d42c1e2081b7ee3a317d665c46eb8acf4ed9b9f5b816dc275,1196
    pantry-tree:
      sha256: 3769c1fc3d7fff71b2f7a942fc2c49f634d85fc34ddd95a69184dea01464ab98
      size: 287
  original:
    hackage: reactive-banana-gi-gtk-0.4.1.0
snapshots:
- completed:
    sha256: dc2c118f708ee595ccad08b5be08ed276659b0c22ba7c8ba1ef25a49af318c50
    size: 726332
    url: https://raw.githubusercontent.com/commercialhaskell/stackage-snapshots/master/lts/24/23.yaml
  original: lts-24.23
